
Microsoft Visual Studio Solution File, Format Version 12.00
Project("{2150E333-8FDC-42A3-9474-1A3956D46DE8}") = "WebLevel", "WebLevel", "{52F99C5F-AAE8-457E-9D45-707CCC8C0841}"
EndProject
Project("{2150E333-8FDC-42A3-9474-1A3956D46DE8}") = "Infrastructure", "Infrastructure", "{D97994ED-537B-4CFB-9FDD-216FABB84A23}"
EndProject
Project("{2150E333-8FDC-42A3-9474-1A3956D46DE8}") = "Domain", "Domain", "{EC7C8A43-48BB-41A0-9259-A52F72627565}"
EndProject
Project("{FAE04EC0-301F-11D3-BF4B-00C04F79EFBC}") = "AuthWeb", "AuthWeb\AuthWeb.csproj", "{3246A818-B7C5-46AD-BE20-690BF82DEE15}"
EndProject
Project("{FAE04EC0-301F-11D3-BF4B-00C04F79EFBC}") = "Infrastructure.Bussines", "Infrastructure.Bussines\Infrastructure.Bussines.csproj", "{E6E83E4C-7082-4BBD-AF4F-2262965F67C3}"
EndProject
Project("{FAE04EC0-301F-11D3-BF4B-00C04F79EFBC}") = "Interfaces", "Interfaces\Interfaces.csproj", "{CD846382-90C2-46F0-B9AC-94451FAAB38A}"
EndProject
Project("{FAE04EC0-301F-11D3-BF4B-00C04F79EFBC}") = "DTO", "DTO\DTO.csproj", "{730B457F-6558-403D-B4FC-0C2D84A06E18}"
EndProject
Project("{2150E333-8FDC-42A3-9474-1A3956D46DE8}") = "Unit_tests", "Unit_tests", "{3E24D6FB-EE64-4E97-B0AD-BEF557BD5A6A}"
EndProject
Project("{FAE04EC0-301F-11D3-BF4B-00C04F79EFBC}") = "TestJwt", "TestJwt\TestJwt.csproj", "{9E1317AD-370C-4D86-A2C9-E3ED84153E5F}"
EndProject
Global
	GlobalSection(SolutionConfigurationPlatforms) = preSolution
		Debug|Any CPU = Debug|Any CPU
		Release|Any CPU = Release|Any CPU
	EndGlobalSection
	GlobalSection(ProjectConfigurationPlatforms) = postSolution
		{3246A818-B7C5-46AD-BE20-690BF82DEE15}.Debug|Any CPU.ActiveCfg = Debug|Any CPU
		{3246A818-B7C5-46AD-BE20-690BF82DEE15}.Debug|Any CPU.Build.0 = Debug|Any CPU
		{3246A818-B7C5-46AD-BE20-690BF82DEE15}.Release|Any CPU.ActiveCfg = Release|Any CPU
		{3246A818-B7C5-46AD-BE20-690BF82DEE15}.Release|Any CPU.Build.0 = Release|Any CPU
		{E6E83E4C-7082-4BBD-AF4F-2262965F67C3}.Debug|Any CPU.ActiveCfg = Debug|Any CPU
		{E6E83E4C-7082-4BBD-AF4F-2262965F67C3}.Debug|Any CPU.Build.0 = Debug|Any CPU
		{E6E83E4C-7082-4BBD-AF4F-2262965F67C3}.Release|Any CPU.ActiveCfg = Release|Any CPU
		{E6E83E4C-7082-4BBD-AF4F-2262965F67C3}.Release|Any CPU.Build.0 = Release|Any CPU
		{CD846382-90C2-46F0-B9AC-94451FAAB38A}.Debug|Any CPU.ActiveCfg = Debug|Any CPU
		{CD846382-90C2-46F0-B9AC-94451FAAB38A}.Debug|Any CPU.Build.0 = Debug|Any CPU
		{CD846382-90C2-46F0-B9AC-94451FAAB38A}.Release|Any CPU.ActiveCfg = Release|Any CPU
		{CD846382-90C2-46F0-B9AC-94451FAAB38A}.Release|Any CPU.Build.0 = Release|Any CPU
		{730B457F-6558-403D-B4FC-0C2D84A06E18}.Debug|Any CPU.ActiveCfg = Debug|Any CPU
		{730B457F-6558-403D-B4FC-0C2D84A06E18}.Debug|Any CPU.Build.0 = Debug|Any CPU
		{730B457F-6558-403D-B4FC-0C2D84A06E18}.Release|Any CPU.ActiveCfg = Release|Any CPU
		{730B457F-6558-403D-B4FC-0C2D84A06E18}.Release|Any CPU.Build.0 = Release|Any CPU
		{9E1317AD-370C-4D86-A2C9-E3ED84153E5F}.Debug|Any CPU.ActiveCfg = Debug|Any CPU
		{9E1317AD-370C-4D86-A2C9-E3ED84153E5F}.Debug|Any CPU.Build.0 = Debug|Any CPU
		{9E1317AD-370C-4D86-A2C9-E3ED84153E5F}.Release|Any CPU.ActiveCfg = Release|Any CPU
		{9E1317AD-370C-4D86-A2C9-E3ED84153E5F}.Release|Any CPU.Build.0 = Release|Any CPU
	EndGlobalSection
	GlobalSection(NestedProjects) = preSolution
		{3246A818-B7C5-46AD-BE20-690BF82DEE15} = {52F99C5F-AAE8-457E-9D45-707CCC8C0841}
		{E6E83E4C-7082-4BBD-AF4F-2262965F67C3} = {D97994ED-537B-4CFB-9FDD-216FABB84A23}
		{CD846382-90C2-46F0-B9AC-94451FAAB38A} = {EC7C8A43-48BB-41A0-9259-A52F72627565}
		{730B457F-6558-403D-B4FC-0C2D84A06E18} = {EC7C8A43-48BB-41A0-9259-A52F72627565}
		{9E1317AD-370C-4D86-A2C9-E3ED84153E5F} = {3E24D6FB-EE64-4E97-B0AD-BEF557BD5A6A}
	EndGlobalSection
EndGlobal
